
Microsoft Visual Studio Solution File, Format Version 12.00
# Visual Studio 15
VisualStudioVersion = 15.0.26430.6
MinimumVisualStudioVersion = 10.0.40219.1
Project("{FAE04EC0-301F-11D3-BF4B-00C04F79EFBC}") = "UniRx", "Sources\UniRx\UniRx.csproj", "{DA6CC0E1-89D7-491A-A5EB-CCCE80F0F0A5}"
EndProject
Project("{FAE04EC0-301F-11D3-BF4B-00C04F79EFBC}") = "Silphid.Commons", "Sources\Silphid.Commons\Silphid.Commons.csproj", "{503103E3-C216-4C5E-BDA7-3268D401E185}"
EndProject
Project("{FAE04EC0-301F-11D3-BF4B-00C04F79EFBC}") = "Silphid.Sequencit", "Sources\Silphid.Sequencit\Silphid.Sequencit.csproj", "{C0716045-F08A-489F-9B7A-25863BC13118}"
EndProject
Project("{FAE04EC0-301F-11D3-BF4B-00C04F79EFBC}") = "Silphid.Loadzup", "Sources\Silphid.Loadzup\Silphid.Loadzup.csproj", "{DAD5DF27-9FA3-4F02-96BE-E28EA2530F0F}"
EndProject
Project("{FAE04EC0-301F-11D3-BF4B-00C04F79EFBC}") = "Silphid.Showzup", "Sources\Silphid.Showzup\Silphid.Showzup.csproj", "{9B235C54-6D78-457D-9BF2-72F389A5051A}"
EndProject
Project("{FAE04EC0-301F-11D3-BF4B-00C04F79EFBC}") = "Silphid.Injexit", "Sources\Silphid.Injexit\Silphid.Injexit.csproj", "{61DACAE5-D957-4E50-92A7-E467A5E977F3}"
EndProject
Global
	GlobalSection(SolutionConfigurationPlatforms) = preSolution
		Debug|Any CPU = Debug|Any CPU
		Debug|ARM = Debug|ARM
		Debug|x64 = Debug|x64
		Debug|x86 = Debug|x86
		Master|Any CPU = Master|Any CPU
		Master|ARM = Master|ARM
		Master|x64 = Master|x64
		Master|x86 = Master|x86
		Release|Any CPU = Release|Any CPU
		Release|ARM = Release|ARM
		Release|x64 = Release|x64
		Release|x86 = Release|x86
	EndGlobalSection
	GlobalSection(ProjectConfigurationPlatforms) = postSolution
		{DA6CC0E1-89D7-491A-A5EB-CCCE80F0F0A5}.Debug|Any CPU.ActiveCfg = Debug|Any CPU
		{DA6CC0E1-89D7-491A-A5EB-CCCE80F0F0A5}.Debug|Any CPU.Build.0 = Debug|Any CPU
		{DA6CC0E1-89D7-491A-A5EB-CCCE80F0F0A5}.Debug|ARM.ActiveCfg = Debug|Any CPU
		{DA6CC0E1-89D7-491A-A5EB-CCCE80F0F0A5}.Debug|ARM.Build.0 = Debug|Any CPU
		{DA6CC0E1-89D7-491A-A5EB-CCCE80F0F0A5}.Debug|x64.ActiveCfg = Debug|Any CPU
		{DA6CC0E1-89D7-491A-A5EB-CCCE80F0F0A5}.Debug|x64.Build.0 = Debug|Any CPU
		{DA6CC0E1-89D7-491A-A5EB-CCCE80F0F0A5}.Debug|x86.ActiveCfg = Debug|Any CPU
		{DA6CC0E1-89D7-491A-A5EB-CCCE80F0F0A5}.Debug|x86.Build.0 = Debug|Any CPU
		{DA6CC0E1-89D7-491A-A5EB-CCCE80F0F0A5}.Master|Any CPU.ActiveCfg = Release|Any CPU
		{DA6CC0E1-89D7-491A-A5EB-CCCE80F0F0A5}.Master|Any CPU.Build.0 = Release|Any CPU
		{DA6CC0E1-89D7-491A-A5EB-CCCE80F0F0A5}.Master|ARM.ActiveCfg = Release|Any CPU
		{DA6CC0E1-89D7-491A-A5EB-CCCE80F0F0A5}.Master|ARM.Build.0 = Release|Any CPU
		{DA6CC0E1-89D7-491A-A5EB-CCCE80F0F0A5}.Master|x64.ActiveCfg = Release|Any CPU
		{DA6CC0E1-89D7-491A-A5EB-CCCE80F0F0A5}.Master|x64.Build.0 = Release|Any CPU
		{DA6CC0E1-89D7-491A-A5EB-CCCE80F0F0A5}.Master|x86.ActiveCfg = Release|Any CPU
		{DA6CC0E1-89D7-491A-A5EB-CCCE80F0F0A5}.Master|x86.Build.0 = Release|Any CPU
		{DA6CC0E1-89D7-491A-A5EB-CCCE80F0F0A5}.Release|Any CPU.ActiveCfg = Release|Any CPU
		{DA6CC0E1-89D7-491A-A5EB-CCCE80F0F0A5}.Release|Any CPU.Build.0 = Release|Any CPU
		{DA6CC0E1-89D7-491A-A5EB-CCCE80F0F0A5}.Release|ARM.ActiveCfg = Release|Any CPU
		{DA6CC0E1-89D7-491A-A5EB-CCCE80F0F0A5}.Release|ARM.Build.0 = Release|Any CPU
		{DA6CC0E1-89D7-491A-A5EB-CCCE80F0F0A5}.Release|x64.ActiveCfg = Release|Any CPU
		{DA6CC0E1-89D7-491A-A5EB-CCCE80F0F0A5}.Release|x64.Build.0 = Release|Any CPU
		{DA6CC0E1-89D7-491A-A5EB-CCCE80F0F0A5}.Release|x86.ActiveCfg = Release|Any CPU
		{DA6CC0E1-89D7-491A-A5EB-CCCE80F0F0A5}.Release|x86.Build.0 = Release|Any CPU
		{503103E3-C216-4C5E-BDA7-3268D401E185}.Debug|Any CPU.ActiveCfg = Debug|Any CPU
		{503103E3-C216-4C5E-BDA7-3268D401E185}.Debug|Any CPU.Build.0 = Debug|Any CPU
		{503103E3-C216-4C5E-BDA7-3268D401E185}.Debug|ARM.ActiveCfg = Debug|Any CPU
		{503103E3-C216-4C5E-BDA7-3268D401E185}.Debug|ARM.Build.0 = Debug|Any CPU
		{503103E3-C216-4C5E-BDA7-3268D401E185}.Debug|x64.ActiveCfg = Debug|Any CPU
		{503103E3-C216-4C5E-BDA7-3268D401E185}.Debug|x64.Build.0 = Debug|Any CPU
		{503103E3-C216-4C5E-BDA7-3268D401E185}.Debug|x86.ActiveCfg = Debug|Any CPU
		{503103E3-C216-4C5E-BDA7-3268D401E185}.Debug|x86.Build.0 = Debug|Any CPU
		{503103E3-C216-4C5E-BDA7-3268D401E185}.Master|Any CPU.ActiveCfg = Release|Any CPU
		{503103E3-C216-4C5E-BDA7-3268D401E185}.Master|Any CPU.Build.0 = Release|Any CPU
		{503103E3-C216-4C5E-BDA7-3268D401E185}.Master|ARM.ActiveCfg = Release|Any CPU
		{503103E3-C216-4C5E-BDA7-3268D401E185}.Master|ARM.Build.0 = Release|Any CPU
		{503103E3-C216-4C5E-BDA7-3268D401E185}.Master|x64.ActiveCfg = Release|Any CPU
		{503103E3-C216-4C5E-BDA7-3268D401E185}.Master|x64.Build.0 = Release|Any CPU
		{503103E3-C216-4C5E-BDA7-3268D401E185}.Master|x86.ActiveCfg = Release|Any CPU
		{503103E3-C216-4C5E-BDA7-3268D401E185}.Master|x86.Build.0 = Release|Any CPU
		{503103E3-C216-4C5E-BDA7-3268D401E185}.Release|Any CPU.ActiveCfg = Release|Any CPU
		{503103E3-C216-4C5E-BDA7-3268D401E185}.Release|Any CPU.Build.0 = Release|Any CPU
		{503103E3-C216-4C5E-BDA7-3268D401E185}.Release|ARM.ActiveCfg = Release|Any CPU
		{503103E3-C216-4C5E-BDA7-3268D401E185}.Release|ARM.Build.0 = Release|Any CPU
		{503103E3-C216-4C5E-BDA7-3268D401E185}.Release|x64.ActiveCfg = Release|Any CPU
		{503103E3-C216-4C5E-BDA7-3268D401E185}.Release|x64.Build.0 = Release|Any CPU
		{503103E3-C216-4C5E-BDA7-3268D401E185}.Release|x86.ActiveCfg = Release|Any CPU
		{503103E3-C216-4C5E-BDA7-3268D401E185}.Release|x86.Build.0 = Release|Any CPU
		{C0716045-F08A-489F-9B7A-25863BC13118}.Debug|Any CPU.ActiveCfg = Debug|Any CPU
		{C0716045-F08A-489F-9B7A-25863BC13118}.Debug|Any CPU.Build.0 = Debug|Any CPU
		{C0716045-F08A-489F-9B7A-25863BC13118}.Debug|ARM.ActiveCfg = Debug|Any CPU
		{C0716045-F08A-489F-9B7A-25863BC13118}.Debug|ARM.Build.0 = Debug|Any CPU
		{C0716045-F08A-489F-9B7A-25863BC13118}.Debug|x64.ActiveCfg = Debug|Any CPU
		{C0716045-F08A-489F-9B7A-25863BC13118}.Debug|x64.Build.0 = Debug|Any CPU
		{C0716045-F08A-489F-9B7A-25863BC13118}.Debug|x86.ActiveCfg = Debug|Any CPU
		{C0716045-F08A-489F-9B7A-25863BC13118}.Debug|x86.Build.0 = Debug|Any CPU
		{C0716045-F08A-489F-9B7A-25863BC13118}.Master|Any CPU.ActiveCfg = Release|Any CPU
		{C0716045-F08A-489F-9B7A-25863BC13118}.Master|Any CPU.Build.0 = Release|Any CPU
		{C0716045-F08A-489F-9B7A-25863BC13118}.Master|ARM.ActiveCfg = Release|Any CPU
		{C0716045-F08A-489F-9B7A-25863BC13118}.Master|ARM.Build.0 = Release|Any CPU
		{C0716045-F08A-489F-9B7A-25863BC13118}.Master|x64.ActiveCfg = Release|Any CPU
		{C0716045-F08A-489F-9B7A-25863BC13118}.Master|x64.Build.0 = Release|Any CPU
		{C0716045-F08A-489F-9B7A-25863BC13118}.Master|x86.ActiveCfg = Release|Any CPU
		{C0716045-F08A-489F-9B7A-25863BC13118}.Master|x86.Build.0 = Release|Any CPU
		{C0716045-F08A-489F-9B7A-25863BC13118}.Release|Any CPU.ActiveCfg = Release|Any CPU
		{C0716045-F08A-489F-9B7A-25863BC13118}.Release|Any CPU.Build.0 = Release|Any CPU
		{C0716045-F08A-489F-9B7A-25863BC13118}.Release|ARM.ActiveCfg = Release|Any CPU
		{C0716045-F08A-489F-9B7A-25863BC13118}.Release|ARM.Build.0 = Release|Any CPU
		{C0716045-F08A-489F-9B7A-25863BC13118}.Release|x64.ActiveCfg = Release|Any CPU
		{C0716045-F08A-489F-9B7A-25863BC13118}.Release|x64.Build.0 = Release|Any CPU
		{C0716045-F08A-489F-9B7A-25863BC13118}.Release|x86.ActiveCfg = Release|Any CPU
		{C0716045-F08A-489F-9B7A-25863BC13118}.Release|x86.Build.0 = Release|Any CPU
		{DAD5DF27-9FA3-4F02-96BE-E28EA2530F0F}.Debug|Any CPU.ActiveCfg = Debug|Any CPU
		{DAD5DF27-9FA3-4F02-96BE-E28EA2530F0F}.Debug|Any CPU.Build.0 = Debug|Any CPU
		{DAD5DF27-9FA3-4F02-96BE-E28EA2530F0F}.Debug|ARM.ActiveCfg = Debug|Any CPU
		{DAD5DF27-9FA3-4F02-96BE-E28EA2530F0F}.Debug|ARM.Build.0 = Debug|Any CPU
		{DAD5DF27-9FA3-4F02-96BE-E28EA2530F0F}.Debug|x64.ActiveCfg = Debug|Any CPU
		{DAD5DF27-9FA3-4F02-96BE-E28EA2530F0F}.Debug|x64.Build.0 = Debug|Any CPU
		{DAD5DF27-9FA3-4F02-96BE-E28EA2530F0F}.Debug|x86.ActiveCfg = Debug|Any CPU
		{DAD5DF27-9FA3-4F02-96BE-E28EA2530F0F}.Debug|x86.Build.0 = Debug|Any CPU
		{DAD5DF27-9FA3-4F02-96BE-E28EA2530F0F}.Master|Any CPU.ActiveCfg = Release|Any CPU
		{DAD5DF27-9FA3-4F02-96BE-E28EA2530F0F}.Master|Any CPU.Build.0 = Release|Any CPU
		{DAD5DF27-9FA3-4F02-96BE-E28EA2530F0F}.Master|ARM.ActiveCfg = Release|Any CPU
		{DAD5DF27-9FA3-4F02-96BE-E28EA2530F0F}.Master|ARM.Build.0 = Release|Any CPU
		{DAD5DF27-9FA3-4F02-96BE-E28EA2530F0F}.Master|x64.ActiveCfg = Release|Any CPU
		{DAD5DF27-9FA3-4F02-96BE-E28EA2530F0F}.Master|x64.Build.0 = Release|Any CPU
		{DAD5DF27-9FA3-4F02-96BE-E28EA2530F0F}.Master|x86.ActiveCfg = Release|Any CPU
		{DAD5DF27-9FA3-4F02-96BE-E28EA2530F0F}.Master|x86.Build.0 = Release|Any CPU
		{DAD5DF27-9FA3-4F02-96BE-E28EA2530F0F}.Release|Any CPU.ActiveCfg = Release|Any CPU
		{DAD5DF27-9FA3-4F02-96BE-E28EA2530F0F}.Release|Any CPU.Build.0 = Release|Any CPU
		{DAD5DF27-9FA3-4F02-96BE-E28EA2530F0F}.Release|ARM.ActiveCfg = Release|Any CPU
		{DAD5DF27-9FA3-4F02-96BE-E28EA2530F0F}.Release|ARM.Build.0 = Release|Any CPU
		{DAD5DF27-9FA3-4F02-96BE-E28EA2530F0F}.Release|x64.ActiveCfg = Release|Any CPU
		{DAD5DF27-9FA3-4F02-96BE-E28EA2530F0F}.Release|x64.Build.0 = Release|Any CPU
		{DAD5DF27-9FA3-4F02-96BE-E28EA2530F0F}.Release|x86.ActiveCfg = Release|Any CPU
		{DAD5DF27-9FA3-4F02-96BE-E28EA2530F0F}.Release|x86.Build.0 = Release|Any CPU
		{9B235C54-6D78-457D-9BF2-72F389A5051A}.Debug|Any CPU.ActiveCfg = Debug|Any CPU
		{9B235C54-6D78-457D-9BF2-72F389A5051A}.Debug|Any CPU.Build.0 = Debug|Any CPU
		{9B235C54-6D78-457D-9BF2-72F389A5051A}.Debug|ARM.ActiveCfg = Debug|Any CPU
		{9B235C54-6D78-457D-9BF2-72F389A5051A}.Debug|ARM.Build.0 = Debug|Any CPU
		{9B235C54-6D78-457D-9BF2-72F389A5051A}.Debug|x64.ActiveCfg = Debug|Any CPU
		{9B235C54-6D78-457D-9BF2-72F389A5051A}.Debug|x64.Build.0 = Debug|Any CPU
		{9B235C54-6D78-457D-9BF2-72F389A5051A}.Debug|x86.ActiveCfg = Debug|Any CPU
		{9B235C54-6D78-457D-9BF2-72F389A5051A}.Debug|x86.Build.0 = Debug|Any CPU
		{9B235C54-6D78-457D-9BF2-72F389A5051A}.Master|Any CPU.ActiveCfg = Release|Any CPU
		{9B235C54-6D78-457D-9BF2-72F389A5051A}.Master|Any CPU.Build.0 = Release|Any CPU
		{9B235C54-6D78-457D-9BF2-72F389A5051A}.Master|ARM.ActiveCfg = Release|Any CPU
		{9B235C54-6D78-457D-9BF2-72F389A5051A}.Master|ARM.Build.0 = Release|Any CPU
		{9B235C54-6D78-457D-9BF2-72F389A5051A}.Master|x64.ActiveCfg = Release|Any CPU
		{9B235C54-6D78-457D-9BF2-72F389A5051A}.Master|x64.Build.0 = Release|Any CPU
		{9B235C54-6D78-457D-9BF2-72F389A5051A}.Master|x86.ActiveCfg = Release|Any CPU
		{9B235C54-6D78-457D-9BF2-72F389A5051A}.Master|x86.Build.0 = Release|Any CPU
		{9B235C54-6D78-457D-9BF2-72F389A5051A}.Release|Any CPU.ActiveCfg = Release|Any CPU
		{9B235C54-6D78-457D-9BF2-72F389A5051A}.Release|Any CPU.Build.0 = Release|Any CPU
		{9B235C54-6D78-457D-9BF2-72F389A5051A}.Release|ARM.ActiveCfg = Release|Any CPU
		{9B235C54-6D78-457D-9BF2-72F389A5051A}.Release|ARM.Build.0 = Release|Any CPU
		{9B235C54-6D78-457D-9BF2-72F389A5051A}.Release|x64.ActiveCfg = Release|Any CPU
		{9B235C54-6D78-457D-9BF2-72F389A5051A}.Release|x64.Build.0 = Release|Any CPU
		{9B235C54-6D78-457D-9BF2-72F389A5051A}.Release|x86.ActiveCfg = Release|Any CPU
		{9B235C54-6D78-457D-9BF2-72F389A5051A}.Release|x86.Build.0 = Release|Any CPU
		{61DACAE5-D957-4E50-92A7-E467A5E977F3}.Debug|Any CPU.ActiveCfg = Debug|Any CPU
		{61DACAE5-D957-4E50-92A7-E467A5E977F3}.Debug|Any CPU.Build.0 = Debug|Any CPU
		{61DACAE5-D957-4E50-92A7-E467A5E977F3}.Debug|ARM.ActiveCfg = Debug|Any CPU
		{61DACAE5-D957-4E50-92A7-E467A5E977F3}.Debug|ARM.Build.0 = Debug|Any CPU
		{61DACAE5-D957-4E50-92A7-E467A5E977F3}.Debug|x64.ActiveCfg = Debug|Any CPU
		{61DACAE5-D957-4E50-92A7-E467A5E977F3}.Debug|x64.Build.0 = Debug|Any CPU
		{61DACAE5-D957-4E50-92A7-E467A5E977F3}.Debug|x86.ActiveCfg = Debug|Any CPU
		{61DACAE5-D957-4E50-92A7-E467A5E977F3}.Debug|x86.Build.0 = Debug|Any CPU
		{61DACAE5-D957-4E50-92A7-E467A5E977F3}.Master|Any CPU.ActiveCfg = Debug|Any CPU
		{61DACAE5-D957-4E50-92A7-E467A5E977F3}.Master|Any CPU.Build.0 = Debug|Any CPU
		{61DACAE5-D957-4E50-92A7-E467A5E977F3}.Master|ARM.ActiveCfg = Debug|Any CPU
		{61DACAE5-D957-4E50-92A7-E467A5E977F3}.Master|ARM.Build.0 = Debug|Any CPU
		{61DACAE5-D957-4E50-92A7-E467A5E977F3}.Master|x64.ActiveCfg = Debug|Any CPU
		{61DACAE5-D957-4E50-92A7-E467A5E977F3}.Master|x64.Build.0 = Debug|Any CPU
		{61DACAE5-D957-4E50-92A7-E467A5E977F3}.Master|x86.ActiveCfg = Debug|Any CPU
		{61DACAE5-D957-4E50-92A7-E467A5E977F3}.Master|x86.Build.0 = Debug|Any CPU
		{61DACAE5-D957-4E50-92A7-E467A5E977F3}.Release|Any CPU.ActiveCfg = Release|Any CPU
		{61DACAE5-D957-4E50-92A7-E467A5E977F3}.Release|Any CPU.Build.0 = Release|Any CPU
		{61DACAE5-D957-4E50-92A7-E467A5E977F3}.Release|ARM.ActiveCfg = Release|Any CPU
		{61DACAE5-D957-4E50-92A7-E467A5E977F3}.Release|ARM.Build.0 = Release|Any CPU
		{61DACAE5-D957-4E50-92A7-E467A5E977F3}.Release|x64.ActiveCfg = Release|Any CPU
		{61DACAE5-D957-4E50-92A7-E467A5E977F3}.Release|x64.Build.0 = Release|Any CPU
		{61DACAE5-D957-4E50-92A7-E467A5E977F3}.Release|x86.ActiveCfg = Release|Any CPU
		{61DACAE5-D957-4E50-92A7-E467A5E977F3}.Release|x86.Build.0 = Release|Any CPU
	EndGlobalSection
	GlobalSection(SolutionProperties) = preSolution
		HideSolutionNode = FALSE
	EndGlobalSection
	GlobalSection(NestedProjects) = preSolution
	EndGlobalSection
EndGlobal
