
Microsoft Visual Studio Solution File, Format Version 12.00
# Visual Studio 15
VisualStudioVersion = 15.0.26403.7
MinimumVisualStudioVersion = 10.0.40219.1
Project("{FAE04EC0-301F-11D3-BF4B-00C04F79EFBC}") = "UniRx", "UniRx\UniRx.csproj", "{DA6CC0E1-89D7-491A-A5EB-CCCE80F0F0A5}"
EndProject
Project("{FAE04EC0-301F-11D3-BF4B-00C04F79EFBC}") = "Silphid.Extensions", "Silphid.Extensions\Silphid.Extensions.csproj", "{503103E3-C216-4C5E-BDA7-3268D401E185}"
EndProject
Project("{FAE04EC0-301F-11D3-BF4B-00C04F79EFBC}") = "Silphid.Extensions.DOTween", "Silphid.Extensions.DOTween\Silphid.Extensions.DOTween.csproj", "{47797EE4-1E8C-4305-9F45-655CA2710A3D}"
EndProject
Project("{FAE04EC0-301F-11D3-BF4B-00C04F79EFBC}") = "Silphid.Sequencit", "Silphid.Sequencit\Silphid.Sequencit.csproj", "{C0716045-F08A-489F-9B7A-25863BC13118}"
EndProject
Project("{FAE04EC0-301F-11D3-BF4B-00C04F79EFBC}") = "Silphid.Sequencit.DOTween", "Silphid.Sequencit.DOTween\Silphid.Sequencit.DOTween.csproj", "{3364B083-3FA4-4426-97D4-BFE1C2D1D4E8}"
EndProject
Project("{FAE04EC0-301F-11D3-BF4B-00C04F79EFBC}") = "Silphid.Sequencit.Test", "Silphid.Sequencit.Test\Silphid.Sequencit.Test.csproj", "{2574A413-999D-40CE-9E55-20678D45C684}"
EndProject
Project("{FAE04EC0-301F-11D3-BF4B-00C04F79EFBC}") = "CSharp60Support.Polyfill", "CSharp60Support.Polyfill\CSharp60Support.Polyfill.csproj", "{1918A037-DDBA-4423-AECC-1AEED7DCEBE6}"
EndProject
Project("{FAE04EC0-301F-11D3-BF4B-00C04F79EFBC}") = "Silphid.Extensions.DOTween.UWP", "Silphid.Extensions.DOTween.UWP\Silphid.Extensions.DOTween.UWP.csproj", "{925F040C-3513-4D9D-88AB-FB58C7BA8E8E}"
EndProject
Project("{FAE04EC0-301F-11D3-BF4B-00C04F79EFBC}") = "Silphid.Extensions.UWP", "Silphid.Extensions.UWP\Silphid.Extensions.UWP.csproj", "{02CCE4F5-D0D0-4C6E-B57B-BA3AAC581170}"
EndProject
Project("{FAE04EC0-301F-11D3-BF4B-00C04F79EFBC}") = "Silphid.Sequencit.UWP", "Silphid.Sequencit.UWP\Silphid.Sequencit.UWP.csproj", "{FE68BF73-A9AA-4DD5-B645-E28DAEF03E64}"
EndProject
Project("{FAE04EC0-301F-11D3-BF4B-00C04F79EFBC}") = "Silphid.Sequencit.DOTween.UWP", "Silphid.Sequencit.DOTween.UWP\Silphid.Sequencit.DOTween.UWP.csproj", "{550118B3-BC71-4755-A6B5-A3CA5DBCD5BF}"
EndProject
Project("{FAE04EC0-301F-11D3-BF4B-00C04F79EFBC}") = "UniRx.UWP", "UniRx.UWP\UniRx.UWP.csproj", "{357854F3-690A-4CA1-BFB0-5C48D030840C}"
EndProject
Project("{FAE04EC0-301F-11D3-BF4B-00C04F79EFBC}") = "Silphid.Loadzup", "Silphid.Loadzup\Silphid.Loadzup.csproj", "{DAD5DF27-9FA3-4F02-96BE-E28EA2530F0F}"
EndProject
Project("{FAE04EC0-301F-11D3-BF4B-00C04F79EFBC}") = "Silphid.Loadzup.UWP", "Silphid.Loadzup.UWP\Silphid.Loadzup.UWP.csproj", "{72380E4D-D61E-4A2A-BCA0-87C643ABE29C}"
EndProject
Project("{FAE04EC0-301F-11D3-BF4B-00C04F79EFBC}") = "Silphid.Showzup", "Silphid.Showzup\Silphid.Showzup.csproj", "{9B235C54-6D78-457D-9BF2-72F389A5051A}"
EndProject
Project("{FAE04EC0-301F-11D3-BF4B-00C04F79EFBC}") = "Silphid.Showzup.UWP", "Silphid.Showzup.UWP\Silphid.Showzup.UWP.csproj", "{87F8A39C-B614-4C09-AC31-22750C96C5DB}"
EndProject
Project("{FAE04EC0-301F-11D3-BF4B-00C04F79EFBC}") = "Silphid.Loadzup.Test", "Silphid.Loadzup.Test\Silphid.Loadzup.Test.csproj", "{3B1B4BFE-70AF-4E0D-9383-81A7F4155848}"
EndProject
Project("{2150E333-8FDC-42A3-9474-1A3956D46DE8}") = "ThirdParties", "ThirdParties", "{4400A8A9-51D2-48F3-92E6-514D2A1B1F53}"
EndProject
Project("{2150E333-8FDC-42A3-9474-1A3956D46DE8}") = "Silphid.Loadzup", "Silphid.Loadzup", "{421D3C1A-DF81-448A-A12E-814E5BB1B9AE}"
EndProject
Project("{2150E333-8FDC-42A3-9474-1A3956D46DE8}") = "Silphid.Extensions", "Silphid.Extensions", "{575F991E-B1AB-4979-83D6-52BA3A27F128}"
EndProject
Project("{2150E333-8FDC-42A3-9474-1A3956D46DE8}") = "Silphid.Sequencit", "Silphid.Sequencit", "{D180040E-E053-41A3-829F-906976C85576}"
EndProject
Project("{2150E333-8FDC-42A3-9474-1A3956D46DE8}") = "Silphid.Showzup", "Silphid.Showzup", "{FE26FD62-B57C-4880-8D92-9B91D2F5659E}"
EndProject
Project("{FAE04EC0-301F-11D3-BF4B-00C04F79EFBC}") = "Zenject.Usage", "Zenject.Usage\Zenject.Usage.csproj", "{E3C6424A-BFE7-4ED4-94ED-1CE34894A180}"
EndProject
Project("{FAE04EC0-301F-11D3-BF4B-00C04F79EFBC}") = "Zenject.Usage.UWP", "Zenject.Usage.UWP\Zenject.Usage.UWP.csproj", "{D9DF10BC-FA75-4FAD-AC30-DD778A225325}"
EndProject
Global
	GlobalSection(SolutionConfigurationPlatforms) = preSolution
		Debug|Any CPU = Debug|Any CPU
		Debug|ARM = Debug|ARM
		Debug|x64 = Debug|x64
		Debug|x86 = Debug|x86
		Master|Any CPU = Master|Any CPU
		Master|ARM = Master|ARM
		Master|x64 = Master|x64
		Master|x86 = Master|x86
		Release|Any CPU = Release|Any CPU
		Release|ARM = Release|ARM
		Release|x64 = Release|x64
		Release|x86 = Release|x86
	EndGlobalSection
	GlobalSection(ProjectConfigurationPlatforms) = postSolution
		{DA6CC0E1-89D7-491A-A5EB-CCCE80F0F0A5}.Debug|Any CPU.ActiveCfg = Debug|Any CPU
		{DA6CC0E1-89D7-491A-A5EB-CCCE80F0F0A5}.Debug|Any CPU.Build.0 = Debug|Any CPU
		{DA6CC0E1-89D7-491A-A5EB-CCCE80F0F0A5}.Debug|ARM.ActiveCfg = Debug|Any CPU
		{DA6CC0E1-89D7-491A-A5EB-CCCE80F0F0A5}.Debug|ARM.Build.0 = Debug|Any CPU
		{DA6CC0E1-89D7-491A-A5EB-CCCE80F0F0A5}.Debug|x64.ActiveCfg = Debug|Any CPU
		{DA6CC0E1-89D7-491A-A5EB-CCCE80F0F0A5}.Debug|x64.Build.0 = Debug|Any CPU
		{DA6CC0E1-89D7-491A-A5EB-CCCE80F0F0A5}.Debug|x86.ActiveCfg = Debug|Any CPU
		{DA6CC0E1-89D7-491A-A5EB-CCCE80F0F0A5}.Debug|x86.Build.0 = Debug|Any CPU
		{DA6CC0E1-89D7-491A-A5EB-CCCE80F0F0A5}.Master|Any CPU.ActiveCfg = Release|Any CPU
		{DA6CC0E1-89D7-491A-A5EB-CCCE80F0F0A5}.Master|Any CPU.Build.0 = Release|Any CPU
		{DA6CC0E1-89D7-491A-A5EB-CCCE80F0F0A5}.Master|ARM.ActiveCfg = Release|Any CPU
		{DA6CC0E1-89D7-491A-A5EB-CCCE80F0F0A5}.Master|ARM.Build.0 = Release|Any CPU
		{DA6CC0E1-89D7-491A-A5EB-CCCE80F0F0A5}.Master|x64.ActiveCfg = Release|Any CPU
		{DA6CC0E1-89D7-491A-A5EB-CCCE80F0F0A5}.Master|x64.Build.0 = Release|Any CPU
		{DA6CC0E1-89D7-491A-A5EB-CCCE80F0F0A5}.Master|x86.ActiveCfg = Release|Any CPU
		{DA6CC0E1-89D7-491A-A5EB-CCCE80F0F0A5}.Master|x86.Build.0 = Release|Any CPU
		{DA6CC0E1-89D7-491A-A5EB-CCCE80F0F0A5}.Release|Any CPU.ActiveCfg = Release|Any CPU
		{DA6CC0E1-89D7-491A-A5EB-CCCE80F0F0A5}.Release|Any CPU.Build.0 = Release|Any CPU
		{DA6CC0E1-89D7-491A-A5EB-CCCE80F0F0A5}.Release|ARM.ActiveCfg = Release|Any CPU
		{DA6CC0E1-89D7-491A-A5EB-CCCE80F0F0A5}.Release|ARM.Build.0 = Release|Any CPU
		{DA6CC0E1-89D7-491A-A5EB-CCCE80F0F0A5}.Release|x64.ActiveCfg = Release|Any CPU
		{DA6CC0E1-89D7-491A-A5EB-CCCE80F0F0A5}.Release|x64.Build.0 = Release|Any CPU
		{DA6CC0E1-89D7-491A-A5EB-CCCE80F0F0A5}.Release|x86.ActiveCfg = Release|Any CPU
		{DA6CC0E1-89D7-491A-A5EB-CCCE80F0F0A5}.Release|x86.Build.0 = Release|Any CPU
		{503103E3-C216-4C5E-BDA7-3268D401E185}.Debug|Any CPU.ActiveCfg = Debug|Any CPU
		{503103E3-C216-4C5E-BDA7-3268D401E185}.Debug|Any CPU.Build.0 = Debug|Any CPU
		{503103E3-C216-4C5E-BDA7-3268D401E185}.Debug|ARM.ActiveCfg = Debug|Any CPU
		{503103E3-C216-4C5E-BDA7-3268D401E185}.Debug|ARM.Build.0 = Debug|Any CPU
		{503103E3-C216-4C5E-BDA7-3268D401E185}.Debug|x64.ActiveCfg = Debug|Any CPU
		{503103E3-C216-4C5E-BDA7-3268D401E185}.Debug|x64.Build.0 = Debug|Any CPU
		{503103E3-C216-4C5E-BDA7-3268D401E185}.Debug|x86.ActiveCfg = Debug|Any CPU
		{503103E3-C216-4C5E-BDA7-3268D401E185}.Debug|x86.Build.0 = Debug|Any CPU
		{503103E3-C216-4C5E-BDA7-3268D401E185}.Master|Any CPU.ActiveCfg = Release|Any CPU
		{503103E3-C216-4C5E-BDA7-3268D401E185}.Master|Any CPU.Build.0 = Release|Any CPU
		{503103E3-C216-4C5E-BDA7-3268D401E185}.Master|ARM.ActiveCfg = Release|Any CPU
		{503103E3-C216-4C5E-BDA7-3268D401E185}.Master|ARM.Build.0 = Release|Any CPU
		{503103E3-C216-4C5E-BDA7-3268D401E185}.Master|x64.ActiveCfg = Release|Any CPU
		{503103E3-C216-4C5E-BDA7-3268D401E185}.Master|x64.Build.0 = Release|Any CPU
		{503103E3-C216-4C5E-BDA7-3268D401E185}.Master|x86.ActiveCfg = Release|Any CPU
		{503103E3-C216-4C5E-BDA7-3268D401E185}.Master|x86.Build.0 = Release|Any CPU
		{503103E3-C216-4C5E-BDA7-3268D401E185}.Release|Any CPU.ActiveCfg = Release|Any CPU
		{503103E3-C216-4C5E-BDA7-3268D401E185}.Release|Any CPU.Build.0 = Release|Any CPU
		{503103E3-C216-4C5E-BDA7-3268D401E185}.Release|ARM.ActiveCfg = Release|Any CPU
		{503103E3-C216-4C5E-BDA7-3268D401E185}.Release|ARM.Build.0 = Release|Any CPU
		{503103E3-C216-4C5E-BDA7-3268D401E185}.Release|x64.ActiveCfg = Release|Any CPU
		{503103E3-C216-4C5E-BDA7-3268D401E185}.Release|x64.Build.0 = Release|Any CPU
		{503103E3-C216-4C5E-BDA7-3268D401E185}.Release|x86.ActiveCfg = Release|Any CPU
		{503103E3-C216-4C5E-BDA7-3268D401E185}.Release|x86.Build.0 = Release|Any CPU
		{47797EE4-1E8C-4305-9F45-655CA2710A3D}.Debug|Any CPU.ActiveCfg = Debug|Any CPU
		{47797EE4-1E8C-4305-9F45-655CA2710A3D}.Debug|Any CPU.Build.0 = Debug|Any CPU
		{47797EE4-1E8C-4305-9F45-655CA2710A3D}.Debug|ARM.ActiveCfg = Debug|Any CPU
		{47797EE4-1E8C-4305-9F45-655CA2710A3D}.Debug|ARM.Build.0 = Debug|Any CPU
		{47797EE4-1E8C-4305-9F45-655CA2710A3D}.Debug|x64.ActiveCfg = Debug|Any CPU
		{47797EE4-1E8C-4305-9F45-655CA2710A3D}.Debug|x64.Build.0 = Debug|Any CPU
		{47797EE4-1E8C-4305-9F45-655CA2710A3D}.Debug|x86.ActiveCfg = Debug|Any CPU
		{47797EE4-1E8C-4305-9F45-655CA2710A3D}.Debug|x86.Build.0 = Debug|Any CPU
		{47797EE4-1E8C-4305-9F45-655CA2710A3D}.Master|Any CPU.ActiveCfg = Release|Any CPU
		{47797EE4-1E8C-4305-9F45-655CA2710A3D}.Master|Any CPU.Build.0 = Release|Any CPU
		{47797EE4-1E8C-4305-9F45-655CA2710A3D}.Master|ARM.ActiveCfg = Release|Any CPU
		{47797EE4-1E8C-4305-9F45-655CA2710A3D}.Master|ARM.Build.0 = Release|Any CPU
		{47797EE4-1E8C-4305-9F45-655CA2710A3D}.Master|x64.ActiveCfg = Release|Any CPU
		{47797EE4-1E8C-4305-9F45-655CA2710A3D}.Master|x64.Build.0 = Release|Any CPU
		{47797EE4-1E8C-4305-9F45-655CA2710A3D}.Master|x86.ActiveCfg = Release|Any CPU
		{47797EE4-1E8C-4305-9F45-655CA2710A3D}.Master|x86.Build.0 = Release|Any CPU
		{47797EE4-1E8C-4305-9F45-655CA2710A3D}.Release|Any CPU.ActiveCfg = Release|Any CPU
		{47797EE4-1E8C-4305-9F45-655CA2710A3D}.Release|Any CPU.Build.0 = Release|Any CPU
		{47797EE4-1E8C-4305-9F45-655CA2710A3D}.Release|ARM.ActiveCfg = Release|Any CPU
		{47797EE4-1E8C-4305-9F45-655CA2710A3D}.Release|ARM.Build.0 = Release|Any CPU
		{47797EE4-1E8C-4305-9F45-655CA2710A3D}.Release|x64.ActiveCfg = Release|Any CPU
		{47797EE4-1E8C-4305-9F45-655CA2710A3D}.Release|x64.Build.0 = Release|Any CPU
		{47797EE4-1E8C-4305-9F45-655CA2710A3D}.Release|x86.ActiveCfg = Release|Any CPU
		{47797EE4-1E8C-4305-9F45-655CA2710A3D}.Release|x86.Build.0 = Release|Any CPU
		{C0716045-F08A-489F-9B7A-25863BC13118}.Debug|Any CPU.ActiveCfg = Debug|Any CPU
		{C0716045-F08A-489F-9B7A-25863BC13118}.Debug|Any CPU.Build.0 = Debug|Any CPU
		{C0716045-F08A-489F-9B7A-25863BC13118}.Debug|ARM.ActiveCfg = Debug|Any CPU
		{C0716045-F08A-489F-9B7A-25863BC13118}.Debug|ARM.Build.0 = Debug|Any CPU
		{C0716045-F08A-489F-9B7A-25863BC13118}.Debug|x64.ActiveCfg = Debug|Any CPU
		{C0716045-F08A-489F-9B7A-25863BC13118}.Debug|x64.Build.0 = Debug|Any CPU
		{C0716045-F08A-489F-9B7A-25863BC13118}.Debug|x86.ActiveCfg = Debug|Any CPU
		{C0716045-F08A-489F-9B7A-25863BC13118}.Debug|x86.Build.0 = Debug|Any CPU
		{C0716045-F08A-489F-9B7A-25863BC13118}.Master|Any CPU.ActiveCfg = Release|Any CPU
		{C0716045-F08A-489F-9B7A-25863BC13118}.Master|Any CPU.Build.0 = Release|Any CPU
		{C0716045-F08A-489F-9B7A-25863BC13118}.Master|ARM.ActiveCfg = Release|Any CPU
		{C0716045-F08A-489F-9B7A-25863BC13118}.Master|ARM.Build.0 = Release|Any CPU
		{C0716045-F08A-489F-9B7A-25863BC13118}.Master|x64.ActiveCfg = Release|Any CPU
		{C0716045-F08A-489F-9B7A-25863BC13118}.Master|x64.Build.0 = Release|Any CPU
		{C0716045-F08A-489F-9B7A-25863BC13118}.Master|x86.ActiveCfg = Release|Any CPU
		{C0716045-F08A-489F-9B7A-25863BC13118}.Master|x86.Build.0 = Release|Any CPU
		{C0716045-F08A-489F-9B7A-25863BC13118}.Release|Any CPU.ActiveCfg = Release|Any CPU
		{C0716045-F08A-489F-9B7A-25863BC13118}.Release|Any CPU.Build.0 = Release|Any CPU
		{C0716045-F08A-489F-9B7A-25863BC13118}.Release|ARM.ActiveCfg = Release|Any CPU
		{C0716045-F08A-489F-9B7A-25863BC13118}.Release|ARM.Build.0 = Release|Any CPU
		{C0716045-F08A-489F-9B7A-25863BC13118}.Release|x64.ActiveCfg = Release|Any CPU
		{C0716045-F08A-489F-9B7A-25863BC13118}.Release|x64.Build.0 = Release|Any CPU
		{C0716045-F08A-489F-9B7A-25863BC13118}.Release|x86.ActiveCfg = Release|Any CPU
		{C0716045-F08A-489F-9B7A-25863BC13118}.Release|x86.Build.0 = Release|Any CPU
		{3364B083-3FA4-4426-97D4-BFE1C2D1D4E8}.Debug|Any CPU.ActiveCfg = Debug|Any CPU
		{3364B083-3FA4-4426-97D4-BFE1C2D1D4E8}.Debug|Any CPU.Build.0 = Debug|Any CPU
		{3364B083-3FA4-4426-97D4-BFE1C2D1D4E8}.Debug|ARM.ActiveCfg = Debug|Any CPU
		{3364B083-3FA4-4426-97D4-BFE1C2D1D4E8}.Debug|ARM.Build.0 = Debug|Any CPU
		{3364B083-3FA4-4426-97D4-BFE1C2D1D4E8}.Debug|x64.ActiveCfg = Debug|Any CPU
		{3364B083-3FA4-4426-97D4-BFE1C2D1D4E8}.Debug|x64.Build.0 = Debug|Any CPU
		{3364B083-3FA4-4426-97D4-BFE1C2D1D4E8}.Debug|x86.ActiveCfg = Debug|Any CPU
		{3364B083-3FA4-4426-97D4-BFE1C2D1D4E8}.Debug|x86.Build.0 = Debug|Any CPU
		{3364B083-3FA4-4426-97D4-BFE1C2D1D4E8}.Master|Any CPU.ActiveCfg = Release|Any CPU
		{3364B083-3FA4-4426-97D4-BFE1C2D1D4E8}.Master|Any CPU.Build.0 = Release|Any CPU
		{3364B083-3FA4-4426-97D4-BFE1C2D1D4E8}.Master|ARM.ActiveCfg = Release|Any CPU
		{3364B083-3FA4-4426-97D4-BFE1C2D1D4E8}.Master|ARM.Build.0 = Release|Any CPU
		{3364B083-3FA4-4426-97D4-BFE1C2D1D4E8}.Master|x64.ActiveCfg = Release|Any CPU
		{3364B083-3FA4-4426-97D4-BFE1C2D1D4E8}.Master|x64.Build.0 = Release|Any CPU
		{3364B083-3FA4-4426-97D4-BFE1C2D1D4E8}.Master|x86.ActiveCfg = Release|Any CPU
		{3364B083-3FA4-4426-97D4-BFE1C2D1D4E8}.Master|x86.Build.0 = Release|Any CPU
		{3364B083-3FA4-4426-97D4-BFE1C2D1D4E8}.Release|Any CPU.ActiveCfg = Release|Any CPU
		{3364B083-3FA4-4426-97D4-BFE1C2D1D4E8}.Release|Any CPU.Build.0 = Release|Any CPU
		{3364B083-3FA4-4426-97D4-BFE1C2D1D4E8}.Release|ARM.ActiveCfg = Release|Any CPU
		{3364B083-3FA4-4426-97D4-BFE1C2D1D4E8}.Release|ARM.Build.0 = Release|Any CPU
		{3364B083-3FA4-4426-97D4-BFE1C2D1D4E8}.Release|x64.ActiveCfg = Release|Any CPU
		{3364B083-3FA4-4426-97D4-BFE1C2D1D4E8}.Release|x64.Build.0 = Release|Any CPU
		{3364B083-3FA4-4426-97D4-BFE1C2D1D4E8}.Release|x86.ActiveCfg = Release|Any CPU
		{3364B083-3FA4-4426-97D4-BFE1C2D1D4E8}.Release|x86.Build.0 = Release|Any CPU
		{2574A413-999D-40CE-9E55-20678D45C684}.Debug|Any CPU.ActiveCfg = Debug|Any CPU
		{2574A413-999D-40CE-9E55-20678D45C684}.Debug|Any CPU.Build.0 = Debug|Any CPU
		{2574A413-999D-40CE-9E55-20678D45C684}.Debug|ARM.ActiveCfg = Debug|Any CPU
		{2574A413-999D-40CE-9E55-20678D45C684}.Debug|ARM.Build.0 = Debug|Any CPU
		{2574A413-999D-40CE-9E55-20678D45C684}.Debug|x64.ActiveCfg = Debug|Any CPU
		{2574A413-999D-40CE-9E55-20678D45C684}.Debug|x64.Build.0 = Debug|Any CPU
		{2574A413-999D-40CE-9E55-20678D45C684}.Debug|x86.ActiveCfg = Debug|Any CPU
		{2574A413-999D-40CE-9E55-20678D45C684}.Debug|x86.Build.0 = Debug|Any CPU
		{2574A413-999D-40CE-9E55-20678D45C684}.Master|Any CPU.ActiveCfg = Release|Any CPU
		{2574A413-999D-40CE-9E55-20678D45C684}.Master|Any CPU.Build.0 = Release|Any CPU
		{2574A413-999D-40CE-9E55-20678D45C684}.Master|ARM.ActiveCfg = Release|Any CPU
		{2574A413-999D-40CE-9E55-20678D45C684}.Master|ARM.Build.0 = Release|Any CPU
		{2574A413-999D-40CE-9E55-20678D45C684}.Master|x64.ActiveCfg = Release|Any CPU
		{2574A413-999D-40CE-9E55-20678D45C684}.Master|x64.Build.0 = Release|Any CPU
		{2574A413-999D-40CE-9E55-20678D45C684}.Master|x86.ActiveCfg = Release|Any CPU
		{2574A413-999D-40CE-9E55-20678D45C684}.Master|x86.Build.0 = Release|Any CPU
		{2574A413-999D-40CE-9E55-20678D45C684}.Release|Any CPU.ActiveCfg = Release|Any CPU
		{2574A413-999D-40CE-9E55-20678D45C684}.Release|Any CPU.Build.0 = Release|Any CPU
		{2574A413-999D-40CE-9E55-20678D45C684}.Release|ARM.ActiveCfg = Release|Any CPU
		{2574A413-999D-40CE-9E55-20678D45C684}.Release|ARM.Build.0 = Release|Any CPU
		{2574A413-999D-40CE-9E55-20678D45C684}.Release|x64.ActiveCfg = Release|Any CPU
		{2574A413-999D-40CE-9E55-20678D45C684}.Release|x64.Build.0 = Release|Any CPU
		{2574A413-999D-40CE-9E55-20678D45C684}.Release|x86.ActiveCfg = Release|Any CPU
		{2574A413-999D-40CE-9E55-20678D45C684}.Release|x86.Build.0 = Release|Any CPU
		{1918A037-DDBA-4423-AECC-1AEED7DCEBE6}.Debug|Any CPU.ActiveCfg = Debug|Any CPU
		{1918A037-DDBA-4423-AECC-1AEED7DCEBE6}.Debug|Any CPU.Build.0 = Debug|Any CPU
		{1918A037-DDBA-4423-AECC-1AEED7DCEBE6}.Debug|ARM.ActiveCfg = Debug|Any CPU
		{1918A037-DDBA-4423-AECC-1AEED7DCEBE6}.Debug|ARM.Build.0 = Debug|Any CPU
		{1918A037-DDBA-4423-AECC-1AEED7DCEBE6}.Debug|x64.ActiveCfg = Debug|Any CPU
		{1918A037-DDBA-4423-AECC-1AEED7DCEBE6}.Debug|x64.Build.0 = Debug|Any CPU
		{1918A037-DDBA-4423-AECC-1AEED7DCEBE6}.Debug|x86.ActiveCfg = Debug|Any CPU
		{1918A037-DDBA-4423-AECC-1AEED7DCEBE6}.Debug|x86.Build.0 = Debug|Any CPU
		{1918A037-DDBA-4423-AECC-1AEED7DCEBE6}.Master|Any CPU.ActiveCfg = Release|Any CPU
		{1918A037-DDBA-4423-AECC-1AEED7DCEBE6}.Master|Any CPU.Build.0 = Release|Any CPU
		{1918A037-DDBA-4423-AECC-1AEED7DCEBE6}.Master|ARM.ActiveCfg = Release|Any CPU
		{1918A037-DDBA-4423-AECC-1AEED7DCEBE6}.Master|ARM.Build.0 = Release|Any CPU
		{1918A037-DDBA-4423-AECC-1AEED7DCEBE6}.Master|x64.ActiveCfg = Release|Any CPU
		{1918A037-DDBA-4423-AECC-1AEED7DCEBE6}.Master|x64.Build.0 = Release|Any CPU
		{1918A037-DDBA-4423-AECC-1AEED7DCEBE6}.Master|x86.ActiveCfg = Release|Any CPU
		{1918A037-DDBA-4423-AECC-1AEED7DCEBE6}.Master|x86.Build.0 = Release|Any CPU
		{1918A037-DDBA-4423-AECC-1AEED7DCEBE6}.Release|Any CPU.ActiveCfg = Release|Any CPU
		{1918A037-DDBA-4423-AECC-1AEED7DCEBE6}.Release|Any CPU.Build.0 = Release|Any CPU
		{1918A037-DDBA-4423-AECC-1AEED7DCEBE6}.Release|ARM.ActiveCfg = Release|Any CPU
		{1918A037-DDBA-4423-AECC-1AEED7DCEBE6}.Release|ARM.Build.0 = Release|Any CPU
		{1918A037-DDBA-4423-AECC-1AEED7DCEBE6}.Release|x64.ActiveCfg = Release|Any CPU
		{1918A037-DDBA-4423-AECC-1AEED7DCEBE6}.Release|x64.Build.0 = Release|Any CPU
		{1918A037-DDBA-4423-AECC-1AEED7DCEBE6}.Release|x86.ActiveCfg = Release|Any CPU
		{1918A037-DDBA-4423-AECC-1AEED7DCEBE6}.Release|x86.Build.0 = Release|Any CPU
		{925F040C-3513-4D9D-88AB-FB58C7BA8E8E}.Debug|Any CPU.ActiveCfg = Debug|Any CPU
		{925F040C-3513-4D9D-88AB-FB58C7BA8E8E}.Debug|Any CPU.Build.0 = Debug|Any CPU
		{925F040C-3513-4D9D-88AB-FB58C7BA8E8E}.Debug|ARM.ActiveCfg = Debug|ARM
		{925F040C-3513-4D9D-88AB-FB58C7BA8E8E}.Debug|ARM.Build.0 = Debug|ARM
		{925F040C-3513-4D9D-88AB-FB58C7BA8E8E}.Debug|x64.ActiveCfg = Debug|x64
		{925F040C-3513-4D9D-88AB-FB58C7BA8E8E}.Debug|x64.Build.0 = Debug|x64
		{925F040C-3513-4D9D-88AB-FB58C7BA8E8E}.Debug|x86.ActiveCfg = Debug|x86
		{925F040C-3513-4D9D-88AB-FB58C7BA8E8E}.Debug|x86.Build.0 = Debug|x86
		{925F040C-3513-4D9D-88AB-FB58C7BA8E8E}.Master|Any CPU.ActiveCfg = Release|Any CPU
		{925F040C-3513-4D9D-88AB-FB58C7BA8E8E}.Master|Any CPU.Build.0 = Release|Any CPU
		{925F040C-3513-4D9D-88AB-FB58C7BA8E8E}.Master|ARM.ActiveCfg = Release|ARM
		{925F040C-3513-4D9D-88AB-FB58C7BA8E8E}.Master|ARM.Build.0 = Release|ARM
		{925F040C-3513-4D9D-88AB-FB58C7BA8E8E}.Master|x64.ActiveCfg = Release|x64
		{925F040C-3513-4D9D-88AB-FB58C7BA8E8E}.Master|x64.Build.0 = Release|x64
		{925F040C-3513-4D9D-88AB-FB58C7BA8E8E}.Master|x86.ActiveCfg = Release|x86
		{925F040C-3513-4D9D-88AB-FB58C7BA8E8E}.Master|x86.Build.0 = Release|x86
		{925F040C-3513-4D9D-88AB-FB58C7BA8E8E}.Release|Any CPU.ActiveCfg = Release|Any CPU
		{925F040C-3513-4D9D-88AB-FB58C7BA8E8E}.Release|Any CPU.Build.0 = Release|Any CPU
		{925F040C-3513-4D9D-88AB-FB58C7BA8E8E}.Release|ARM.ActiveCfg = Release|ARM
		{925F040C-3513-4D9D-88AB-FB58C7BA8E8E}.Release|ARM.Build.0 = Release|ARM
		{925F040C-3513-4D9D-88AB-FB58C7BA8E8E}.Release|x64.ActiveCfg = Release|x64
		{925F040C-3513-4D9D-88AB-FB58C7BA8E8E}.Release|x64.Build.0 = Release|x64
		{925F040C-3513-4D9D-88AB-FB58C7BA8E8E}.Release|x86.ActiveCfg = Release|x86
		{925F040C-3513-4D9D-88AB-FB58C7BA8E8E}.Release|x86.Build.0 = Release|x86
		{02CCE4F5-D0D0-4C6E-B57B-BA3AAC581170}.Debug|Any CPU.ActiveCfg = Debug|Any CPU
		{02CCE4F5-D0D0-4C6E-B57B-BA3AAC581170}.Debug|Any CPU.Build.0 = Debug|Any CPU
		{02CCE4F5-D0D0-4C6E-B57B-BA3AAC581170}.Debug|ARM.ActiveCfg = Debug|ARM
		{02CCE4F5-D0D0-4C6E-B57B-BA3AAC581170}.Debug|ARM.Build.0 = Debug|ARM
		{02CCE4F5-D0D0-4C6E-B57B-BA3AAC581170}.Debug|x64.ActiveCfg = Debug|x64
		{02CCE4F5-D0D0-4C6E-B57B-BA3AAC581170}.Debug|x64.Build.0 = Debug|x64
		{02CCE4F5-D0D0-4C6E-B57B-BA3AAC581170}.Debug|x86.ActiveCfg = Debug|x86
		{02CCE4F5-D0D0-4C6E-B57B-BA3AAC581170}.Debug|x86.Build.0 = Debug|x86
		{02CCE4F5-D0D0-4C6E-B57B-BA3AAC581170}.Master|Any CPU.ActiveCfg = Release|Any CPU
		{02CCE4F5-D0D0-4C6E-B57B-BA3AAC581170}.Master|Any CPU.Build.0 = Release|Any CPU
		{02CCE4F5-D0D0-4C6E-B57B-BA3AAC581170}.Master|ARM.ActiveCfg = Release|ARM
		{02CCE4F5-D0D0-4C6E-B57B-BA3AAC581170}.Master|ARM.Build.0 = Release|ARM
		{02CCE4F5-D0D0-4C6E-B57B-BA3AAC581170}.Master|x64.ActiveCfg = Release|x64
		{02CCE4F5-D0D0-4C6E-B57B-BA3AAC581170}.Master|x64.Build.0 = Release|x64
		{02CCE4F5-D0D0-4C6E-B57B-BA3AAC581170}.Master|x86.ActiveCfg = Release|x86
		{02CCE4F5-D0D0-4C6E-B57B-BA3AAC581170}.Master|x86.Build.0 = Release|x86
		{02CCE4F5-D0D0-4C6E-B57B-BA3AAC581170}.Release|Any CPU.ActiveCfg = Release|Any CPU
		{02CCE4F5-D0D0-4C6E-B57B-BA3AAC581170}.Release|Any CPU.Build.0 = Release|Any CPU
		{02CCE4F5-D0D0-4C6E-B57B-BA3AAC581170}.Release|ARM.ActiveCfg = Release|ARM
		{02CCE4F5-D0D0-4C6E-B57B-BA3AAC581170}.Release|ARM.Build.0 = Release|ARM
		{02CCE4F5-D0D0-4C6E-B57B-BA3AAC581170}.Release|x64.ActiveCfg = Release|x64
		{02CCE4F5-D0D0-4C6E-B57B-BA3AAC581170}.Release|x64.Build.0 = Release|x64
		{02CCE4F5-D0D0-4C6E-B57B-BA3AAC581170}.Release|x86.ActiveCfg = Release|x86
		{02CCE4F5-D0D0-4C6E-B57B-BA3AAC581170}.Release|x86.Build.0 = Release|x86
		{FE68BF73-A9AA-4DD5-B645-E28DAEF03E64}.Debug|Any CPU.ActiveCfg = Debug|Any CPU
		{FE68BF73-A9AA-4DD5-B645-E28DAEF03E64}.Debug|Any CPU.Build.0 = Debug|Any CPU
		{FE68BF73-A9AA-4DD5-B645-E28DAEF03E64}.Debug|ARM.ActiveCfg = Debug|ARM
		{FE68BF73-A9AA-4DD5-B645-E28DAEF03E64}.Debug|ARM.Build.0 = Debug|ARM
		{FE68BF73-A9AA-4DD5-B645-E28DAEF03E64}.Debug|x64.ActiveCfg = Debug|x64
		{FE68BF73-A9AA-4DD5-B645-E28DAEF03E64}.Debug|x64.Build.0 = Debug|x64
		{FE68BF73-A9AA-4DD5-B645-E28DAEF03E64}.Debug|x86.ActiveCfg = Debug|x86
		{FE68BF73-A9AA-4DD5-B645-E28DAEF03E64}.Debug|x86.Build.0 = Debug|x86
		{FE68BF73-A9AA-4DD5-B645-E28DAEF03E64}.Master|Any CPU.ActiveCfg = Release|Any CPU
		{FE68BF73-A9AA-4DD5-B645-E28DAEF03E64}.Master|Any CPU.Build.0 = Release|Any CPU
		{FE68BF73-A9AA-4DD5-B645-E28DAEF03E64}.Master|ARM.ActiveCfg = Release|ARM
		{FE68BF73-A9AA-4DD5-B645-E28DAEF03E64}.Master|ARM.Build.0 = Release|ARM
		{FE68BF73-A9AA-4DD5-B645-E28DAEF03E64}.Master|x64.ActiveCfg = Release|x64
		{FE68BF73-A9AA-4DD5-B645-E28DAEF03E64}.Master|x64.Build.0 = Release|x64
		{FE68BF73-A9AA-4DD5-B645-E28DAEF03E64}.Master|x86.ActiveCfg = Release|x86
		{FE68BF73-A9AA-4DD5-B645-E28DAEF03E64}.Master|x86.Build.0 = Release|x86
		{FE68BF73-A9AA-4DD5-B645-E28DAEF03E64}.Release|Any CPU.ActiveCfg = Release|Any CPU
		{FE68BF73-A9AA-4DD5-B645-E28DAEF03E64}.Release|Any CPU.Build.0 = Release|Any CPU
		{FE68BF73-A9AA-4DD5-B645-E28DAEF03E64}.Release|ARM.ActiveCfg = Release|ARM
		{FE68BF73-A9AA-4DD5-B645-E28DAEF03E64}.Release|ARM.Build.0 = Release|ARM
		{FE68BF73-A9AA-4DD5-B645-E28DAEF03E64}.Release|x64.ActiveCfg = Release|x64
		{FE68BF73-A9AA-4DD5-B645-E28DAEF03E64}.Release|x64.Build.0 = Release|x64
		{FE68BF73-A9AA-4DD5-B645-E28DAEF03E64}.Release|x86.ActiveCfg = Release|x86
		{FE68BF73-A9AA-4DD5-B645-E28DAEF03E64}.Release|x86.Build.0 = Release|x86
		{550118B3-BC71-4755-A6B5-A3CA5DBCD5BF}.Debug|Any CPU.ActiveCfg = Debug|Any CPU
		{550118B3-BC71-4755-A6B5-A3CA5DBCD5BF}.Debug|Any CPU.Build.0 = Debug|Any CPU
		{550118B3-BC71-4755-A6B5-A3CA5DBCD5BF}.Debug|ARM.ActiveCfg = Debug|ARM
		{550118B3-BC71-4755-A6B5-A3CA5DBCD5BF}.Debug|ARM.Build.0 = Debug|ARM
		{550118B3-BC71-4755-A6B5-A3CA5DBCD5BF}.Debug|x64.ActiveCfg = Debug|x64
		{550118B3-BC71-4755-A6B5-A3CA5DBCD5BF}.Debug|x64.Build.0 = Debug|x64
		{550118B3-BC71-4755-A6B5-A3CA5DBCD5BF}.Debug|x86.ActiveCfg = Debug|x86
		{550118B3-BC71-4755-A6B5-A3CA5DBCD5BF}.Debug|x86.Build.0 = Debug|x86
		{550118B3-BC71-4755-A6B5-A3CA5DBCD5BF}.Master|Any CPU.ActiveCfg = Release|Any CPU
		{550118B3-BC71-4755-A6B5-A3CA5DBCD5BF}.Master|Any CPU.Build.0 = Release|Any CPU
		{550118B3-BC71-4755-A6B5-A3CA5DBCD5BF}.Master|ARM.ActiveCfg = Release|ARM
		{550118B3-BC71-4755-A6B5-A3CA5DBCD5BF}.Master|ARM.Build.0 = Release|ARM
		{550118B3-BC71-4755-A6B5-A3CA5DBCD5BF}.Master|x64.ActiveCfg = Release|x64
		{550118B3-BC71-4755-A6B5-A3CA5DBCD5BF}.Master|x64.Build.0 = Release|x64
		{550118B3-BC71-4755-A6B5-A3CA5DBCD5BF}.Master|x86.ActiveCfg = Release|x86
		{550118B3-BC71-4755-A6B5-A3CA5DBCD5BF}.Master|x86.Build.0 = Release|x86
		{550118B3-BC71-4755-A6B5-A3CA5DBCD5BF}.Release|Any CPU.ActiveCfg = Release|Any CPU
		{550118B3-BC71-4755-A6B5-A3CA5DBCD5BF}.Release|Any CPU.Build.0 = Release|Any CPU
		{550118B3-BC71-4755-A6B5-A3CA5DBCD5BF}.Release|ARM.ActiveCfg = Release|ARM
		{550118B3-BC71-4755-A6B5-A3CA5DBCD5BF}.Release|ARM.Build.0 = Release|ARM
		{550118B3-BC71-4755-A6B5-A3CA5DBCD5BF}.Release|x64.ActiveCfg = Release|x64
		{550118B3-BC71-4755-A6B5-A3CA5DBCD5BF}.Release|x64.Build.0 = Release|x64
		{550118B3-BC71-4755-A6B5-A3CA5DBCD5BF}.Release|x86.ActiveCfg = Release|x86
		{550118B3-BC71-4755-A6B5-A3CA5DBCD5BF}.Release|x86.Build.0 = Release|x86
		{357854F3-690A-4CA1-BFB0-5C48D030840C}.Debug|Any CPU.ActiveCfg = Debug|Any CPU
		{357854F3-690A-4CA1-BFB0-5C48D030840C}.Debug|Any CPU.Build.0 = Debug|Any CPU
		{357854F3-690A-4CA1-BFB0-5C48D030840C}.Debug|ARM.ActiveCfg = Debug|ARM
		{357854F3-690A-4CA1-BFB0-5C48D030840C}.Debug|ARM.Build.0 = Debug|ARM
		{357854F3-690A-4CA1-BFB0-5C48D030840C}.Debug|x64.ActiveCfg = Debug|x64
		{357854F3-690A-4CA1-BFB0-5C48D030840C}.Debug|x64.Build.0 = Debug|x64
		{357854F3-690A-4CA1-BFB0-5C48D030840C}.Debug|x86.ActiveCfg = Debug|x86
		{357854F3-690A-4CA1-BFB0-5C48D030840C}.Debug|x86.Build.0 = Debug|x86
		{357854F3-690A-4CA1-BFB0-5C48D030840C}.Master|Any CPU.ActiveCfg = Release|Any CPU
		{357854F3-690A-4CA1-BFB0-5C48D030840C}.Master|Any CPU.Build.0 = Release|Any CPU
		{357854F3-690A-4CA1-BFB0-5C48D030840C}.Master|ARM.ActiveCfg = Release|ARM
		{357854F3-690A-4CA1-BFB0-5C48D030840C}.Master|ARM.Build.0 = Release|ARM
		{357854F3-690A-4CA1-BFB0-5C48D030840C}.Master|x64.ActiveCfg = Release|x64
		{357854F3-690A-4CA1-BFB0-5C48D030840C}.Master|x64.Build.0 = Release|x64
		{357854F3-690A-4CA1-BFB0-5C48D030840C}.Master|x86.ActiveCfg = Release|x86
		{357854F3-690A-4CA1-BFB0-5C48D030840C}.Master|x86.Build.0 = Release|x86
		{357854F3-690A-4CA1-BFB0-5C48D030840C}.Release|Any CPU.ActiveCfg = Release|Any CPU
		{357854F3-690A-4CA1-BFB0-5C48D030840C}.Release|Any CPU.Build.0 = Release|Any CPU
		{357854F3-690A-4CA1-BFB0-5C48D030840C}.Release|ARM.ActiveCfg = Release|ARM
		{357854F3-690A-4CA1-BFB0-5C48D030840C}.Release|ARM.Build.0 = Release|ARM
		{357854F3-690A-4CA1-BFB0-5C48D030840C}.Release|x64.ActiveCfg = Release|x64
		{357854F3-690A-4CA1-BFB0-5C48D030840C}.Release|x64.Build.0 = Release|x64
		{357854F3-690A-4CA1-BFB0-5C48D030840C}.Release|x86.ActiveCfg = Release|x86
		{357854F3-690A-4CA1-BFB0-5C48D030840C}.Release|x86.Build.0 = Release|x86
		{DAD5DF27-9FA3-4F02-96BE-E28EA2530F0F}.Debug|Any CPU.ActiveCfg = Debug|Any CPU
		{DAD5DF27-9FA3-4F02-96BE-E28EA2530F0F}.Debug|Any CPU.Build.0 = Debug|Any CPU
		{DAD5DF27-9FA3-4F02-96BE-E28EA2530F0F}.Debug|ARM.ActiveCfg = Debug|Any CPU
		{DAD5DF27-9FA3-4F02-96BE-E28EA2530F0F}.Debug|ARM.Build.0 = Debug|Any CPU
		{DAD5DF27-9FA3-4F02-96BE-E28EA2530F0F}.Debug|x64.ActiveCfg = Debug|Any CPU
		{DAD5DF27-9FA3-4F02-96BE-E28EA2530F0F}.Debug|x64.Build.0 = Debug|Any CPU
		{DAD5DF27-9FA3-4F02-96BE-E28EA2530F0F}.Debug|x86.ActiveCfg = Debug|Any CPU
		{DAD5DF27-9FA3-4F02-96BE-E28EA2530F0F}.Debug|x86.Build.0 = Debug|Any CPU
		{DAD5DF27-9FA3-4F02-96BE-E28EA2530F0F}.Master|Any CPU.ActiveCfg = Release|Any CPU
		{DAD5DF27-9FA3-4F02-96BE-E28EA2530F0F}.Master|Any CPU.Build.0 = Release|Any CPU
		{DAD5DF27-9FA3-4F02-96BE-E28EA2530F0F}.Master|ARM.ActiveCfg = Release|Any CPU
		{DAD5DF27-9FA3-4F02-96BE-E28EA2530F0F}.Master|ARM.Build.0 = Release|Any CPU
		{DAD5DF27-9FA3-4F02-96BE-E28EA2530F0F}.Master|x64.ActiveCfg = Release|Any CPU
		{DAD5DF27-9FA3-4F02-96BE-E28EA2530F0F}.Master|x64.Build.0 = Release|Any CPU
		{DAD5DF27-9FA3-4F02-96BE-E28EA2530F0F}.Master|x86.ActiveCfg = Release|Any CPU
		{DAD5DF27-9FA3-4F02-96BE-E28EA2530F0F}.Master|x86.Build.0 = Release|Any CPU
		{DAD5DF27-9FA3-4F02-96BE-E28EA2530F0F}.Release|Any CPU.ActiveCfg = Release|Any CPU
		{DAD5DF27-9FA3-4F02-96BE-E28EA2530F0F}.Release|Any CPU.Build.0 = Release|Any CPU
		{DAD5DF27-9FA3-4F02-96BE-E28EA2530F0F}.Release|ARM.ActiveCfg = Release|Any CPU
		{DAD5DF27-9FA3-4F02-96BE-E28EA2530F0F}.Release|ARM.Build.0 = Release|Any CPU
		{DAD5DF27-9FA3-4F02-96BE-E28EA2530F0F}.Release|x64.ActiveCfg = Release|Any CPU
		{DAD5DF27-9FA3-4F02-96BE-E28EA2530F0F}.Release|x64.Build.0 = Release|Any CPU
		{DAD5DF27-9FA3-4F02-96BE-E28EA2530F0F}.Release|x86.ActiveCfg = Release|Any CPU
		{DAD5DF27-9FA3-4F02-96BE-E28EA2530F0F}.Release|x86.Build.0 = Release|Any CPU
		{72380E4D-D61E-4A2A-BCA0-87C643ABE29C}.Debug|Any CPU.ActiveCfg = Debug|Any CPU
		{72380E4D-D61E-4A2A-BCA0-87C643ABE29C}.Debug|Any CPU.Build.0 = Debug|Any CPU
		{72380E4D-D61E-4A2A-BCA0-87C643ABE29C}.Debug|ARM.ActiveCfg = Debug|ARM
		{72380E4D-D61E-4A2A-BCA0-87C643ABE29C}.Debug|ARM.Build.0 = Debug|ARM
		{72380E4D-D61E-4A2A-BCA0-87C643ABE29C}.Debug|x64.ActiveCfg = Debug|x64
		{72380E4D-D61E-4A2A-BCA0-87C643ABE29C}.Debug|x64.Build.0 = Debug|x64
		{72380E4D-D61E-4A2A-BCA0-87C643ABE29C}.Debug|x86.ActiveCfg = Debug|x86
		{72380E4D-D61E-4A2A-BCA0-87C643ABE29C}.Debug|x86.Build.0 = Debug|x86
		{72380E4D-D61E-4A2A-BCA0-87C643ABE29C}.Master|Any CPU.ActiveCfg = Release|Any CPU
		{72380E4D-D61E-4A2A-BCA0-87C643ABE29C}.Master|Any CPU.Build.0 = Release|Any CPU
		{72380E4D-D61E-4A2A-BCA0-87C643ABE29C}.Master|ARM.ActiveCfg = Release|ARM
		{72380E4D-D61E-4A2A-BCA0-87C643ABE29C}.Master|ARM.Build.0 = Release|ARM
		{72380E4D-D61E-4A2A-BCA0-87C643ABE29C}.Master|x64.ActiveCfg = Release|x64
		{72380E4D-D61E-4A2A-BCA0-87C643ABE29C}.Master|x64.Build.0 = Release|x64
		{72380E4D-D61E-4A2A-BCA0-87C643ABE29C}.Master|x86.ActiveCfg = Release|x86
		{72380E4D-D61E-4A2A-BCA0-87C643ABE29C}.Master|x86.Build.0 = Release|x86
		{72380E4D-D61E-4A2A-BCA0-87C643ABE29C}.Release|Any CPU.ActiveCfg = Release|Any CPU
		{72380E4D-D61E-4A2A-BCA0-87C643ABE29C}.Release|Any CPU.Build.0 = Release|Any CPU
		{72380E4D-D61E-4A2A-BCA0-87C643ABE29C}.Release|ARM.ActiveCfg = Release|ARM
		{72380E4D-D61E-4A2A-BCA0-87C643ABE29C}.Release|ARM.Build.0 = Release|ARM
		{72380E4D-D61E-4A2A-BCA0-87C643ABE29C}.Release|x64.ActiveCfg = Release|x64
		{72380E4D-D61E-4A2A-BCA0-87C643ABE29C}.Release|x64.Build.0 = Release|x64
		{72380E4D-D61E-4A2A-BCA0-87C643ABE29C}.Release|x86.ActiveCfg = Release|x86
		{72380E4D-D61E-4A2A-BCA0-87C643ABE29C}.Release|x86.Build.0 = Release|x86
		{9B235C54-6D78-457D-9BF2-72F389A5051A}.Debug|Any CPU.ActiveCfg = Debug|Any CPU
		{9B235C54-6D78-457D-9BF2-72F389A5051A}.Debug|Any CPU.Build.0 = Debug|Any CPU
		{9B235C54-6D78-457D-9BF2-72F389A5051A}.Debug|ARM.ActiveCfg = Debug|Any CPU
		{9B235C54-6D78-457D-9BF2-72F389A5051A}.Debug|ARM.Build.0 = Debug|Any CPU
		{9B235C54-6D78-457D-9BF2-72F389A5051A}.Debug|x64.ActiveCfg = Debug|Any CPU
		{9B235C54-6D78-457D-9BF2-72F389A5051A}.Debug|x64.Build.0 = Debug|Any CPU
		{9B235C54-6D78-457D-9BF2-72F389A5051A}.Debug|x86.ActiveCfg = Debug|Any CPU
		{9B235C54-6D78-457D-9BF2-72F389A5051A}.Debug|x86.Build.0 = Debug|Any CPU
		{9B235C54-6D78-457D-9BF2-72F389A5051A}.Master|Any CPU.ActiveCfg = Release|Any CPU
		{9B235C54-6D78-457D-9BF2-72F389A5051A}.Master|Any CPU.Build.0 = Release|Any CPU
		{9B235C54-6D78-457D-9BF2-72F389A5051A}.Master|ARM.ActiveCfg = Release|Any CPU
		{9B235C54-6D78-457D-9BF2-72F389A5051A}.Master|ARM.Build.0 = Release|Any CPU
		{9B235C54-6D78-457D-9BF2-72F389A5051A}.Master|x64.ActiveCfg = Release|Any CPU
		{9B235C54-6D78-457D-9BF2-72F389A5051A}.Master|x64.Build.0 = Release|Any CPU
		{9B235C54-6D78-457D-9BF2-72F389A5051A}.Master|x86.ActiveCfg = Release|Any CPU
		{9B235C54-6D78-457D-9BF2-72F389A5051A}.Master|x86.Build.0 = Release|Any CPU
		{9B235C54-6D78-457D-9BF2-72F389A5051A}.Release|Any CPU.ActiveCfg = Release|Any CPU
		{9B235C54-6D78-457D-9BF2-72F389A5051A}.Release|Any CPU.Build.0 = Release|Any CPU
		{9B235C54-6D78-457D-9BF2-72F389A5051A}.Release|ARM.ActiveCfg = Release|Any CPU
		{9B235C54-6D78-457D-9BF2-72F389A5051A}.Release|ARM.Build.0 = Release|Any CPU
		{9B235C54-6D78-457D-9BF2-72F389A5051A}.Release|x64.ActiveCfg = Release|Any CPU
		{9B235C54-6D78-457D-9BF2-72F389A5051A}.Release|x64.Build.0 = Release|Any CPU
		{9B235C54-6D78-457D-9BF2-72F389A5051A}.Release|x86.ActiveCfg = Release|Any CPU
		{9B235C54-6D78-457D-9BF2-72F389A5051A}.Release|x86.Build.0 = Release|Any CPU
		{87F8A39C-B614-4C09-AC31-22750C96C5DB}.Debug|Any CPU.ActiveCfg = Debug|Any CPU
		{87F8A39C-B614-4C09-AC31-22750C96C5DB}.Debug|Any CPU.Build.0 = Debug|Any CPU
		{87F8A39C-B614-4C09-AC31-22750C96C5DB}.Debug|ARM.ActiveCfg = Debug|ARM
		{87F8A39C-B614-4C09-AC31-22750C96C5DB}.Debug|ARM.Build.0 = Debug|ARM
		{87F8A39C-B614-4C09-AC31-22750C96C5DB}.Debug|x64.ActiveCfg = Debug|x64
		{87F8A39C-B614-4C09-AC31-22750C96C5DB}.Debug|x64.Build.0 = Debug|x64
		{87F8A39C-B614-4C09-AC31-22750C96C5DB}.Debug|x86.ActiveCfg = Debug|x86
		{87F8A39C-B614-4C09-AC31-22750C96C5DB}.Debug|x86.Build.0 = Debug|x86
		{87F8A39C-B614-4C09-AC31-22750C96C5DB}.Master|Any CPU.ActiveCfg = Release|Any CPU
		{87F8A39C-B614-4C09-AC31-22750C96C5DB}.Master|Any CPU.Build.0 = Release|Any CPU
		{87F8A39C-B614-4C09-AC31-22750C96C5DB}.Master|ARM.ActiveCfg = Release|ARM
		{87F8A39C-B614-4C09-AC31-22750C96C5DB}.Master|ARM.Build.0 = Release|ARM
		{87F8A39C-B614-4C09-AC31-22750C96C5DB}.Master|x64.ActiveCfg = Release|x64
		{87F8A39C-B614-4C09-AC31-22750C96C5DB}.Master|x64.Build.0 = Release|x64
		{87F8A39C-B614-4C09-AC31-22750C96C5DB}.Master|x86.ActiveCfg = Release|x86
		{87F8A39C-B614-4C09-AC31-22750C96C5DB}.Master|x86.Build.0 = Release|x86
		{87F8A39C-B614-4C09-AC31-22750C96C5DB}.Release|Any CPU.ActiveCfg = Release|Any CPU
		{87F8A39C-B614-4C09-AC31-22750C96C5DB}.Release|Any CPU.Build.0 = Release|Any CPU
		{87F8A39C-B614-4C09-AC31-22750C96C5DB}.Release|ARM.ActiveCfg = Release|ARM
		{87F8A39C-B614-4C09-AC31-22750C96C5DB}.Release|ARM.Build.0 = Release|ARM
		{87F8A39C-B614-4C09-AC31-22750C96C5DB}.Release|x64.ActiveCfg = Release|x64
		{87F8A39C-B614-4C09-AC31-22750C96C5DB}.Release|x64.Build.0 = Release|x64
		{87F8A39C-B614-4C09-AC31-22750C96C5DB}.Release|x86.ActiveCfg = Release|x86
		{87F8A39C-B614-4C09-AC31-22750C96C5DB}.Release|x86.Build.0 = Release|x86
		{3B1B4BFE-70AF-4E0D-9383-81A7F4155848}.Debug|Any CPU.ActiveCfg = Debug|Any CPU
		{3B1B4BFE-70AF-4E0D-9383-81A7F4155848}.Debug|Any CPU.Build.0 = Debug|Any CPU
		{3B1B4BFE-70AF-4E0D-9383-81A7F4155848}.Debug|ARM.ActiveCfg = Debug|Any CPU
		{3B1B4BFE-70AF-4E0D-9383-81A7F4155848}.Debug|ARM.Build.0 = Debug|Any CPU
		{3B1B4BFE-70AF-4E0D-9383-81A7F4155848}.Debug|x64.ActiveCfg = Debug|Any CPU
		{3B1B4BFE-70AF-4E0D-9383-81A7F4155848}.Debug|x64.Build.0 = Debug|Any CPU
		{3B1B4BFE-70AF-4E0D-9383-81A7F4155848}.Debug|x86.ActiveCfg = Debug|Any CPU
		{3B1B4BFE-70AF-4E0D-9383-81A7F4155848}.Debug|x86.Build.0 = Debug|Any CPU
		{3B1B4BFE-70AF-4E0D-9383-81A7F4155848}.Master|Any CPU.ActiveCfg = Release|Any CPU
		{3B1B4BFE-70AF-4E0D-9383-81A7F4155848}.Master|Any CPU.Build.0 = Release|Any CPU
		{3B1B4BFE-70AF-4E0D-9383-81A7F4155848}.Master|ARM.ActiveCfg = Release|Any CPU
		{3B1B4BFE-70AF-4E0D-9383-81A7F4155848}.Master|ARM.Build.0 = Release|Any CPU
		{3B1B4BFE-70AF-4E0D-9383-81A7F4155848}.Master|x64.ActiveCfg = Release|Any CPU
		{3B1B4BFE-70AF-4E0D-9383-81A7F4155848}.Master|x64.Build.0 = Release|Any CPU
		{3B1B4BFE-70AF-4E0D-9383-81A7F4155848}.Master|x86.ActiveCfg = Release|Any CPU
		{3B1B4BFE-70AF-4E0D-9383-81A7F4155848}.Master|x86.Build.0 = Release|Any CPU
		{3B1B4BFE-70AF-4E0D-9383-81A7F4155848}.Release|Any CPU.ActiveCfg = Release|Any CPU
		{3B1B4BFE-70AF-4E0D-9383-81A7F4155848}.Release|Any CPU.Build.0 = Release|Any CPU
		{3B1B4BFE-70AF-4E0D-9383-81A7F4155848}.Release|ARM.ActiveCfg = Release|Any CPU
		{3B1B4BFE-70AF-4E0D-9383-81A7F4155848}.Release|ARM.Build.0 = Release|Any CPU
		{3B1B4BFE-70AF-4E0D-9383-81A7F4155848}.Release|x64.ActiveCfg = Release|Any CPU
		{3B1B4BFE-70AF-4E0D-9383-81A7F4155848}.Release|x64.Build.0 = Release|Any CPU
		{3B1B4BFE-70AF-4E0D-9383-81A7F4155848}.Release|x86.ActiveCfg = Release|Any CPU
		{3B1B4BFE-70AF-4E0D-9383-81A7F4155848}.Release|x86.Build.0 = Release|Any CPU
		{E3C6424A-BFE7-4ED4-94ED-1CE34894A180}.Debug|Any CPU.ActiveCfg = Debug|Any CPU
		{E3C6424A-BFE7-4ED4-94ED-1CE34894A180}.Debug|Any CPU.Build.0 = Debug|Any CPU
		{E3C6424A-BFE7-4ED4-94ED-1CE34894A180}.Debug|ARM.ActiveCfg = Debug|Any CPU
		{E3C6424A-BFE7-4ED4-94ED-1CE34894A180}.Debug|ARM.Build.0 = Debug|Any CPU
		{E3C6424A-BFE7-4ED4-94ED-1CE34894A180}.Debug|x64.ActiveCfg = Debug|Any CPU
		{E3C6424A-BFE7-4ED4-94ED-1CE34894A180}.Debug|x64.Build.0 = Debug|Any CPU
		{E3C6424A-BFE7-4ED4-94ED-1CE34894A180}.Debug|x86.ActiveCfg = Debug|Any CPU
		{E3C6424A-BFE7-4ED4-94ED-1CE34894A180}.Debug|x86.Build.0 = Debug|Any CPU
		{E3C6424A-BFE7-4ED4-94ED-1CE34894A180}.Master|Any CPU.ActiveCfg = Release|Any CPU
		{E3C6424A-BFE7-4ED4-94ED-1CE34894A180}.Master|Any CPU.Build.0 = Release|Any CPU
		{E3C6424A-BFE7-4ED4-94ED-1CE34894A180}.Master|ARM.ActiveCfg = Release|Any CPU
		{E3C6424A-BFE7-4ED4-94ED-1CE34894A180}.Master|ARM.Build.0 = Release|Any CPU
		{E3C6424A-BFE7-4ED4-94ED-1CE34894A180}.Master|x64.ActiveCfg = Release|Any CPU
		{E3C6424A-BFE7-4ED4-94ED-1CE34894A180}.Master|x64.Build.0 = Release|Any CPU
		{E3C6424A-BFE7-4ED4-94ED-1CE34894A180}.Master|x86.ActiveCfg = Release|Any CPU
		{E3C6424A-BFE7-4ED4-94ED-1CE34894A180}.Master|x86.Build.0 = Release|Any CPU
		{E3C6424A-BFE7-4ED4-94ED-1CE34894A180}.Release|Any CPU.ActiveCfg = Release|Any CPU
		{E3C6424A-BFE7-4ED4-94ED-1CE34894A180}.Release|Any CPU.Build.0 = Release|Any CPU
		{E3C6424A-BFE7-4ED4-94ED-1CE34894A180}.Release|ARM.ActiveCfg = Release|Any CPU
		{E3C6424A-BFE7-4ED4-94ED-1CE34894A180}.Release|ARM.Build.0 = Release|Any CPU
		{E3C6424A-BFE7-4ED4-94ED-1CE34894A180}.Release|x64.ActiveCfg = Release|Any CPU
		{E3C6424A-BFE7-4ED4-94ED-1CE34894A180}.Release|x64.Build.0 = Release|Any CPU
		{E3C6424A-BFE7-4ED4-94ED-1CE34894A180}.Release|x86.ActiveCfg = Release|Any CPU
		{E3C6424A-BFE7-4ED4-94ED-1CE34894A180}.Release|x86.Build.0 = Release|Any CPU
		{D9DF10BC-FA75-4FAD-AC30-DD778A225325}.Debug|Any CPU.ActiveCfg = Debug|Any CPU
		{D9DF10BC-FA75-4FAD-AC30-DD778A225325}.Debug|Any CPU.Build.0 = Debug|Any CPU
		{D9DF10BC-FA75-4FAD-AC30-DD778A225325}.Debug|ARM.ActiveCfg = Debug|ARM
		{D9DF10BC-FA75-4FAD-AC30-DD778A225325}.Debug|ARM.Build.0 = Debug|ARM
		{D9DF10BC-FA75-4FAD-AC30-DD778A225325}.Debug|x64.ActiveCfg = Debug|x64
		{D9DF10BC-FA75-4FAD-AC30-DD778A225325}.Debug|x64.Build.0 = Debug|x64
		{D9DF10BC-FA75-4FAD-AC30-DD778A225325}.Debug|x86.ActiveCfg = Debug|x86
		{D9DF10BC-FA75-4FAD-AC30-DD778A225325}.Debug|x86.Build.0 = Debug|x86
		{D9DF10BC-FA75-4FAD-AC30-DD778A225325}.Master|Any CPU.ActiveCfg = Release|Any CPU
		{D9DF10BC-FA75-4FAD-AC30-DD778A225325}.Master|Any CPU.Build.0 = Release|Any CPU
		{D9DF10BC-FA75-4FAD-AC30-DD778A225325}.Master|ARM.ActiveCfg = Release|ARM
		{D9DF10BC-FA75-4FAD-AC30-DD778A225325}.Master|ARM.Build.0 = Release|ARM
		{D9DF10BC-FA75-4FAD-AC30-DD778A225325}.Master|x64.ActiveCfg = Release|x64
		{D9DF10BC-FA75-4FAD-AC30-DD778A225325}.Master|x64.Build.0 = Release|x64
		{D9DF10BC-FA75-4FAD-AC30-DD778A225325}.Master|x86.ActiveCfg = Release|x86
		{D9DF10BC-FA75-4FAD-AC30-DD778A225325}.Master|x86.Build.0 = Release|x86
		{D9DF10BC-FA75-4FAD-AC30-DD778A225325}.Release|Any CPU.ActiveCfg = Release|Any CPU
		{D9DF10BC-FA75-4FAD-AC30-DD778A225325}.Release|Any CPU.Build.0 = Release|Any CPU
		{D9DF10BC-FA75-4FAD-AC30-DD778A225325}.Release|ARM.ActiveCfg = Release|ARM
		{D9DF10BC-FA75-4FAD-AC30-DD778A225325}.Release|ARM.Build.0 = Release|ARM
		{D9DF10BC-FA75-4FAD-AC30-DD778A225325}.Release|x64.ActiveCfg = Release|x64
		{D9DF10BC-FA75-4FAD-AC30-DD778A225325}.Release|x64.Build.0 = Release|x64
		{D9DF10BC-FA75-4FAD-AC30-DD778A225325}.Release|x86.ActiveCfg = Release|x86
		{D9DF10BC-FA75-4FAD-AC30-DD778A225325}.Release|x86.Build.0 = Release|x86
	EndGlobalSection
	GlobalSection(SolutionProperties) = preSolution
		HideSolutionNode = FALSE
	EndGlobalSection
	GlobalSection(NestedProjects) = preSolution
		{DA6CC0E1-89D7-491A-A5EB-CCCE80F0F0A5} = {4400A8A9-51D2-48F3-92E6-514D2A1B1F53}
		{503103E3-C216-4C5E-BDA7-3268D401E185} = {575F991E-B1AB-4979-83D6-52BA3A27F128}
		{47797EE4-1E8C-4305-9F45-655CA2710A3D} = {575F991E-B1AB-4979-83D6-52BA3A27F128}
		{C0716045-F08A-489F-9B7A-25863BC13118} = {D180040E-E053-41A3-829F-906976C85576}
		{3364B083-3FA4-4426-97D4-BFE1C2D1D4E8} = {D180040E-E053-41A3-829F-906976C85576}
		{2574A413-999D-40CE-9E55-20678D45C684} = {D180040E-E053-41A3-829F-906976C85576}
		{1918A037-DDBA-4423-AECC-1AEED7DCEBE6} = {4400A8A9-51D2-48F3-92E6-514D2A1B1F53}
		{925F040C-3513-4D9D-88AB-FB58C7BA8E8E} = {575F991E-B1AB-4979-83D6-52BA3A27F128}
		{02CCE4F5-D0D0-4C6E-B57B-BA3AAC581170} = {575F991E-B1AB-4979-83D6-52BA3A27F128}
		{FE68BF73-A9AA-4DD5-B645-E28DAEF03E64} = {D180040E-E053-41A3-829F-906976C85576}
		{550118B3-BC71-4755-A6B5-A3CA5DBCD5BF} = {D180040E-E053-41A3-829F-906976C85576}
		{357854F3-690A-4CA1-BFB0-5C48D030840C} = {4400A8A9-51D2-48F3-92E6-514D2A1B1F53}
		{DAD5DF27-9FA3-4F02-96BE-E28EA2530F0F} = {421D3C1A-DF81-448A-A12E-814E5BB1B9AE}
		{72380E4D-D61E-4A2A-BCA0-87C643ABE29C} = {421D3C1A-DF81-448A-A12E-814E5BB1B9AE}
		{9B235C54-6D78-457D-9BF2-72F389A5051A} = {FE26FD62-B57C-4880-8D92-9B91D2F5659E}
		{87F8A39C-B614-4C09-AC31-22750C96C5DB} = {FE26FD62-B57C-4880-8D92-9B91D2F5659E}
		{3B1B4BFE-70AF-4E0D-9383-81A7F4155848} = {421D3C1A-DF81-448A-A12E-814E5BB1B9AE}
		{E3C6424A-BFE7-4ED4-94ED-1CE34894A180} = {4400A8A9-51D2-48F3-92E6-514D2A1B1F53}
		{D9DF10BC-FA75-4FAD-AC30-DD778A225325} = {4400A8A9-51D2-48F3-92E6-514D2A1B1F53}
	EndGlobalSection
EndGlobal
